
Microsoft Visual Studio Solution File, Format Version 12.00
# Visual Studio Version 17
VisualStudioVersion = 17.2.32526.322
MinimumVisualStudioVersion = 10.0.40219.1
Project("{FAE04EC0-301F-11D3-BF4B-00C04F79EFBC}") = "MusicPlayer", "MusicPlayer\MusicPlayer.csproj", "{CCEF6CE5-BEF9-460B-8CC5-C54F4262A5E7}"
EndProject
Global
	GlobalSection(SolutionConfigurationPlatforms) = preSolution
		Debug|Any CPU = Debug|Any CPU
		Release|Any CPU = Release|Any CPU
	EndGlobalSection
	GlobalSection(ProjectConfigurationPlatforms) = postSolution
		{CCEF6CE5-BEF9-460B-8CC5-C54F4262A5E7}.Debug|Any CPU.ActiveCfg = Debug|Any CPU
		{CCEF6CE5-BEF9-460B-8CC5-C54F4262A5E7}.Debug|Any CPU.Build.0 = Debug|Any CPU
		{CCEF6CE5-BEF9-460B-8CC5-C54F4262A5E7}.Release|Any CPU.ActiveCfg = Release|Any CPU
		{CCEF6CE5-BEF9-460B-8CC5-C54F4262A5E7}.Release|Any CPU.Build.0 = Release|Any CPU
	EndGlobalSection
	GlobalSection(SolutionProperties) = preSolution
		HideSolutionNode = FALSE
	EndGlobalSection
	GlobalSection(ExtensibilityGlobals) = postSolution
		SolutionGuid = {576A09C0-F31A-4207-9D04-180925D76E97}
	EndGlobalSection
EndGlobal
